
Microsoft Visual Studio Solution File, Format Version 12.00
# Visual Studio Version 17
VisualStudioVersion = 17.9.34728.123
MinimumVisualStudioVersion = 10.0.40219.1
Project("{9A19103F-16F7-4668-BE54-9A1E7A4F7556}") = "NotiService", "NotiService\NotiService.csproj", "{408E7680-5A99-49BC-9892-9418DBA9FD64}"
EndProject
Project("{2150E333-8FDC-42A3-9474-1A3956D46DE8}") = "Элементы решения", "Элементы решения", "{BC9A8210-78E7-4C28-83BE-6B4ABFDDD247}"
	ProjectSection(SolutionItems) = preProject
		.dockerignore = .dockerignore
		docker-compose.yml = docker-compose.yml
		Dockerfile = Dockerfile
	EndProjectSection
EndProject
Global
	GlobalSection(SolutionConfigurationPlatforms) = preSolution
		Debug|Any CPU = Debug|Any CPU
		Release|Any CPU = Release|Any CPU
	EndGlobalSection
	GlobalSection(ProjectConfigurationPlatforms) = postSolution
		{408E7680-5A99-49BC-9892-9418DBA9FD64}.Debug|Any CPU.ActiveCfg = Debug|Any CPU
		{408E7680-5A99-49BC-9892-9418DBA9FD64}.Debug|Any CPU.Build.0 = Debug|Any CPU
		{408E7680-5A99-49BC-9892-9418DBA9FD64}.Release|Any CPU.ActiveCfg = Release|Any CPU
		{408E7680-5A99-49BC-9892-9418DBA9FD64}.Release|Any CPU.Build.0 = Release|Any CPU
	EndGlobalSection
	GlobalSection(SolutionProperties) = preSolution
		HideSolutionNode = FALSE
	EndGlobalSection
	GlobalSection(ExtensibilityGlobals) = postSolution
		SolutionGuid = {504616BB-050F-4434-A6C3-72698F79BF65}
	EndGlobalSection
EndGlobal
